{
  "name": "fesjs",
  "version": "1.0.0",
  "lockfileVersion": 1,
  "requires": true,
  "dependencies": {
    "adler-32": {
      "version": "https://registry.npmjs.org/adler-32/-/adler-32-1.0.0.tgz",
      "integrity": "sha1-KHKKcXVvYpZm3RZTzYB5Op3xhlE=",
      "dev": true,
      "requires": {
        "concat-stream": "https://registry.npmjs.org/concat-stream/-/concat-stream-1.6.0.tgz",
        "exit-on-epipe": "https://registry.npmjs.org/exit-on-epipe/-/exit-on-epipe-1.0.0.tgz",
        "printj": "https://registry.npmjs.org/printj/-/printj-1.0.0.tgz"
      },
      "dependencies": {
        "exit-on-epipe": {
          "version": "https://registry.npmjs.org/exit-on-epipe/-/exit-on-epipe-1.0.0.tgz",
          "integrity": "sha1-9uBXnIIU0zoIEJ/W4uXB28cEY/w=",
          "dev": true
        }
      }
    },
    "amdefine": {
      "version": "https://registry.npmjs.org/amdefine/-/amdefine-1.0.1.tgz",
      "integrity": "sha1-SlKCrBZHKek2Gbz9OtFR+BfOkfU=",
      "optional": true
    },
    "asap": {
      "version": "2.0.6",
      "resolved": "https://registry.npmjs.org/asap/-/asap-2.0.6.tgz",
      "integrity": "sha1-5QNHYR1+aQlDIIu9r+vLwvuGbUY=",
      "dev": true
    },
    "ast-node-utils": {
      "version": "file:ast-node-utils"
    },
    "bessel": {
      "version": "https://registry.npmjs.org/bessel/-/bessel-0.2.0.tgz",
      "integrity": "sha1-E8s5zSkjMhnsLacl4LoMZvtGtvI=",
      "dev": true,
      "requires": {
        "voc": "https://registry.npmjs.org/voc/-/voc-0.5.0.tgz"
      }
    },
    "bindings": {
      "version": "1.2.1",
      "resolved": "https://registry.npmjs.org/bindings/-/bindings-1.2.1.tgz",
      "integrity": "sha1-FK1hE4EtLTfXLme0ystLtyZQXxE="
    },
    "buffer-shims": {
      "version": "https://registry.npmjs.org/buffer-shims/-/buffer-shims-1.0.0.tgz",
      "integrity": "sha1-mXjOMXOIxkmth5MCjDR37wRKi1E=",
      "dev": true
    },
    "cfb": {
      "version": "https://registry.npmjs.org/cfb/-/cfb-0.11.1.tgz",
      "integrity": "sha1-qW248nKmw/uZ27sj70EiP0i+Hqc=",
      "dev": true,
      "requires": {
        "commander": "https://registry.npmjs.org/commander/-/commander-2.9.0.tgz"
      },
      "dependencies": {
        "commander": {
          "version": "https://registry.npmjs.org/commander/-/commander-2.9.0.tgz",
          "integrity": "sha1-nJkJQXbhIkDLItbFFGCYQA/g99Q=",
          "dev": true,
          "requires": {
            "graceful-readlink": "https://registry.npmjs.org/graceful-readlink/-/graceful-readlink-1.0.1.tgz"
          }
        }
      }
    },
    "codepage": {
      "version": "https://registry.npmjs.org/codepage/-/codepage-1.8.1.tgz",
      "integrity": "sha1-8aAJ1SYdwnVGKLrLb7vw5uKr/6o=",
      "dev": true,
      "requires": {
        "commander": "https://registry.npmjs.org/commander/-/commander-2.9.0.tgz",
        "concat-stream": "https://registry.npmjs.org/concat-stream/-/concat-stream-1.6.0.tgz",
        "exit-on-epipe": "https://registry.npmjs.org/exit-on-epipe/-/exit-on-epipe-1.0.0.tgz",
        "voc": "https://registry.npmjs.org/voc/-/voc-0.5.0.tgz"
      },
      "dependencies": {
        "commander": {
          "version": "https://registry.npmjs.org/commander/-/commander-2.9.0.tgz",
          "integrity": "sha1-nJkJQXbhIkDLItbFFGCYQA/g99Q=",
          "dev": true,
          "requires": {
            "graceful-readlink": "https://registry.npmjs.org/graceful-readlink/-/graceful-readlink-1.0.1.tgz"
          }
        },
        "exit-on-epipe": {
          "version": "https://registry.npmjs.org/exit-on-epipe/-/exit-on-epipe-1.0.0.tgz",
          "integrity": "sha1-9uBXnIIU0zoIEJ/W4uXB28cEY/w=",
          "dev": true
        }
      }
    },
    "colors": {
      "version": "1.1.2",
      "resolved": "https://registry.npmjs.org/colors/-/colors-1.1.2.tgz",
      "integrity": "sha1-FopHAXVran9RoSzgyXv6KMCE7WM=",
      "dev": true
    },
    "commander": {
      "version": "https://registry.npmjs.org/commander/-/commander-2.9.0.tgz",
      "integrity": "sha1-nJkJQXbhIkDLItbFFGCYQA/g99Q=",
      "dev": true,
      "requires": {
        "graceful-readlink": "https://registry.npmjs.org/graceful-readlink/-/graceful-readlink-1.0.1.tgz"
      }
    },
    "concat-stream": {
      "version": "https://registry.npmjs.org/concat-stream/-/concat-stream-1.6.0.tgz",
      "integrity": "sha1-CqxmL9Ur54lk1VMvaUeE5wEQrPc=",
      "dev": true,
      "requires": {
        "inherits": "https://registry.npmjs.org/inherits/-/inherits-2.0.3.tgz",
        "readable-stream": "https://registry.npmjs.org/readable-stream/-/readable-stream-2.2.9.tgz",
        "typedarray": "https://registry.npmjs.org/typedarray/-/typedarray-0.0.6.tgz"
      }
    },
    "core-util-is": {
      "version": "https://registry.npmjs.org/core-util-is/-/core-util-is-1.0.2.tgz",
      "integrity": "sha1-tf1UIgqivFq1eqtxQMlAdUUDwac=",
      "dev": true
    },
    "crc-32": {
      "version": "https://registry.npmjs.org/crc-32/-/crc-32-1.0.2.tgz",
      "integrity": "sha1-CVB5hO6bzOO9G4hh8N6KsQroGH0=",
      "dev": true,
      "requires": {
        "exit-on-epipe": "https://registry.npmjs.org/exit-on-epipe/-/exit-on-epipe-1.0.0.tgz",
        "printj": "https://registry.npmjs.org/printj/-/printj-1.0.0.tgz"
      },
      "dependencies": {
        "exit-on-epipe": {
          "version": "https://registry.npmjs.org/exit-on-epipe/-/exit-on-epipe-1.0.0.tgz",
          "integrity": "sha1-9uBXnIIU0zoIEJ/W4uXB28cEY/w=",
          "dev": true
        }
      }
    },
    "dateformat": {
      "version": "2.0.0",
      "resolved": "https://registry.npmjs.org/dateformat/-/dateformat-2.0.0.tgz",
      "integrity": "sha1-J0Pjq7XD/CRi5SfcpEXgTp9N7hc=",
      "dev": true
    },
    "deasync": {
      "version": "0.1.10",
      "resolved": "https://registry.npmjs.org/deasync/-/deasync-0.1.10.tgz",
      "integrity": "sha1-TkpoNvvgR3vV+Qgwi9KpZVfV1/4=",
      "requires": {
        "bindings": "1.2.1",
        "nan": "2.7.0"
      }
    },
    "deep-is": {
      "version": "https://registry.npmjs.org/deep-is/-/deep-is-0.1.3.tgz",
      "integrity": "sha1-s2nW+128E+7PUk+RsHD+7cNXzzQ="
    },
    "diff": {
      "version": "https://registry.npmjs.org/diff/-/diff-1.0.8.tgz",
      "integrity": "sha1-NDJ2MI7Jkbe8giZ+1VvBQR+XFmY=",
      "dev": true
    },
    "escodegen": {
      "version": "https://registry.npmjs.org/escodegen/-/escodegen-1.8.1.tgz",
      "integrity": "sha1-WltTr0aTEQvrsIZ6o0MN07cKEBg=",
      "requires": {
        "esprima": "https://registry.npmjs.org/esprima/-/esprima-2.7.3.tgz",
        "estraverse": "https://registry.npmjs.org/estraverse/-/estraverse-1.9.3.tgz",
        "esutils": "https://registry.npmjs.org/esutils/-/esutils-2.0.2.tgz",
        "optionator": "https://registry.npmjs.org/optionator/-/optionator-0.8.2.tgz",
        "source-map": "https://registry.npmjs.org/source-map/-/source-map-0.2.0.tgz"
      }
    },
    "esprima": {
      "version": "https://registry.npmjs.org/esprima/-/esprima-2.7.3.tgz",
      "integrity": "sha1-luO3DVd59q1JzQMmc9HDEnZ7pYE="
    },
    "estraverse": {
      "version": "https://registry.npmjs.org/estraverse/-/estraverse-1.9.3.tgz",
      "integrity": "sha1-r2fy3JIlgkFZUJJgkaQAXSnJu0Q="
    },
    "esutils": {
      "version": "https://registry.npmjs.org/esutils/-/esutils-2.0.2.tgz",
      "integrity": "sha1-Cr9PHKpbyx96nYrMbepPqqBLrJs="
    },
    "exit-on-epipe": {
      "version": "https://registry.npmjs.org/exit-on-epipe/-/exit-on-epipe-1.0.0.tgz",
      "integrity": "sha1-9uBXnIIU0zoIEJ/W4uXB28cEY/w=",
      "dev": true
    },
    "eyes": {
      "version": "https://registry.npmjs.org/eyes/-/eyes-0.1.8.tgz",
      "integrity": "sha1-Ys8SAjTGg3hdkCNIqADvPgzCC8A=",
      "dev": true
    },
    "fast-levenshtein": {
      "version": "https://registry.npmjs.org/fast-levenshtein/-/fast-levenshtein-2.0.6.tgz",
      "integrity": "sha1-PYpcZog6FqMMqGQ+hR8Zuqd5eRc="
    },
    "ff-fes": {
      "version": "https://registry.npmjs.org/ff-fes/-/ff-fes-1.0.6.tgz",
      "integrity": "sha1-nhi/O77GGskKEw3m7NjPb3aNRh4=",
      "requires": {
        "escodegen": "https://registry.npmjs.org/escodegen/-/escodegen-1.8.1.tgz",
        "esprima": "https://registry.npmjs.org/esprima/-/esprima-2.7.3.tgz",
        "ff-log": "1.0.18",
        "stack-adt": "https://registry.npmjs.org/stack-adt/-/stack-adt-0.2.3.tgz"
      }
    },
    "ff-fes-xlsx": {
      "version": "https://registry.npmjs.org/ff-fes-xlsx/-/ff-fes-xlsx-1.0.2.tgz",
      "integrity": "sha1-2gtJ3nRdEVJitepTrKM5I+HYec8=",
      "dev": true
    },
    "ff-formulajs": {
      "version": "https://registry.npmjs.org/ff-formulajs/-/ff-formulajs-1.0.4.tgz",
      "integrity": "sha1-+aE4NQlJIntIHei1eflXqnjUq/Y="
    },
    "ff-log": {
      "version": "1.0.18",
      "resolved": "https://registry.npmjs.org/ff-log/-/ff-log-1.0.18.tgz",
      "integrity": "sha1-Uav63NWwKAxUG+gAAxohbJ0WfTw="
    },
    "ff-math": {
      "version": "file:ff-math",
      "dev": true
    },
    "formulajs": {
      "version": "https://registry.npmjs.org/formulajs/-/formulajs-1.0.8.tgz",
      "integrity": "sha1-jDXRZPNopf+xp6vPUHXPjeXmBw4=",
      "dev": true,
      "requires": {
        "bessel": "https://registry.npmjs.org/bessel/-/bessel-0.2.0.tgz",
        "jStat": "https://registry.npmjs.org/jStat/-/jStat-1.0.6.tgz",
        "numeral": "https://registry.npmjs.org/numeral/-/numeral-1.5.3.tgz",
        "numeric": "https://registry.npmjs.org/numeric/-/numeric-1.2.6.tgz"
      }
    },
    "frac": {
      "version": "https://registry.npmjs.org/frac/-/frac-1.0.6.tgz",
      "integrity": "sha1-mg38I5VoUqizIGI7688b6eoEgik=",
      "dev": true,
      "requires": {
        "voc": "https://registry.npmjs.org/voc/-/voc-0.5.0.tgz"
      }
    },
    "graceful-readlink": {
      "version": "https://registry.npmjs.org/graceful-readlink/-/graceful-readlink-1.0.1.tgz",
      "integrity": "sha1-TK+tdrxi8C+gObL5Tpo906ORpyU=",
      "dev": true
    },
    "inherits": {
      "version": "https://registry.npmjs.org/inherits/-/inherits-2.0.3.tgz",
      "integrity": "sha1-Yzwsg+PaQqUC9SRmAiSA9CCCYd4=",
      "dev": true
    },
    "isarray": {
      "version": "https://registry.npmjs.org/isarray/-/isarray-1.0.0.tgz",
      "integrity": "sha1-u5NdSFgsuhaMBoNJV6VKPgcSTxE=",
      "dev": true
    },
    "jStat": {
      "version": "https://registry.npmjs.org/jStat/-/jStat-1.0.6.tgz",
      "integrity": "sha1-s3gEubS27+f94A0wj9aZr8lx1Vg=",
      "dev": true,
      "requires": {
        "uglify-js": "https://registry.npmjs.org/uglify-js/-/uglify-js-1.2.3.tgz",
        "vows": "https://registry.npmjs.org/vows/-/vows-0.7.0.tgz"
      }
    },
    "levn": {
      "version": "https://registry.npmjs.org/levn/-/levn-0.3.0.tgz",
      "integrity": "sha1-OwmSTt+fCDwEkP3UwLxEIeBHZO4=",
      "requires": {
        "prelude-ls": "https://registry.npmjs.org/prelude-ls/-/prelude-ls-1.1.2.tgz",
        "type-check": "https://registry.npmjs.org/type-check/-/type-check-0.3.2.tgz"
      }
    },
    "nan": {
      "version": "2.7.0",
      "resolved": "https://registry.npmjs.org/nan/-/nan-2.7.0.tgz",
      "integrity": "sha1-2Vv3IeyHfgjbJ27T/G63j5CDrUY="
    },
    "numeral": {
      "version": "https://registry.npmjs.org/numeral/-/numeral-1.5.3.tgz",
      "integrity": "sha1-pMPrpoI5WAUJ+BgmfHckO85D/2I=",
      "dev": true
    },
    "numeric": {
      "version": "https://registry.npmjs.org/numeric/-/numeric-1.2.6.tgz",
      "integrity": "sha1-dlsCvvl5iPz4gNTrPza4D6MTNao=",
      "dev": true
    },
    "optionator": {
      "version": "https://registry.npmjs.org/optionator/-/optionator-0.8.2.tgz",
      "integrity": "sha1-NkxeQJ0/TWMB1sC0wFu6UBgK62Q=",
      "requires": {
        "deep-is": "https://registry.npmjs.org/deep-is/-/deep-is-0.1.3.tgz",
        "fast-levenshtein": "https://registry.npmjs.org/fast-levenshtein/-/fast-levenshtein-2.0.6.tgz",
        "levn": "https://registry.npmjs.org/levn/-/levn-0.3.0.tgz",
        "prelude-ls": "https://registry.npmjs.org/prelude-ls/-/prelude-ls-1.1.2.tgz",
        "type-check": "https://registry.npmjs.org/type-check/-/type-check-0.3.2.tgz",
        "wordwrap": "https://registry.npmjs.org/wordwrap/-/wordwrap-1.0.0.tgz"
      }
    },
    "prelude-ls": {
      "version": "https://registry.npmjs.org/prelude-ls/-/prelude-ls-1.1.2.tgz",
      "integrity": "sha1-IZMqVJ9eUv/ZqCf1cOBL5iqX2lQ="
    },
    "printj": {
      "version": "https://registry.npmjs.org/printj/-/printj-1.0.0.tgz",
      "integrity": "sha1-XDfebFdyo/7YRoOZwgY7WyJSiGc=",
      "dev": true
    },
    "process-nextick-args": {
      "version": "https://registry.npmjs.org/process-nextick-args/-/process-nextick-args-1.0.7.tgz",
      "integrity": "sha1-FQ4gt1ZZCtP5EJPyWk8q2L/zC6M=",
      "dev": true
    },
    "promise": {
      "version": "7.3.1",
      "resolved": "https://registry.npmjs.org/promise/-/promise-7.3.1.tgz",
      "integrity": "sha512-nolQXZ/4L+bP/UGlkfaIujX9BKxGwmQ9OT4mOt5yvy8iK1h3wqTEJCijzGANTCCl9nWjY41juyAn2K3Q1hLLTg==",
      "dev": true,
      "requires": {
        "asap": "2.0.6"
      }
    },
    "readable-stream": {
      "version": "https://registry.npmjs.org/readable-stream/-/readable-stream-2.2.9.tgz",
      "integrity": "sha1-z3jsb0ptHrQ9JkiMrJfwQudLf8g=",
      "dev": true,
      "requires": {
        "buffer-shims": "https://registry.npmjs.org/buffer-shims/-/buffer-shims-1.0.0.tgz",
        "core-util-is": "https://registry.npmjs.org/core-util-is/-/core-util-is-1.0.2.tgz",
        "inherits": "https://registry.npmjs.org/inherits/-/inherits-2.0.3.tgz",
        "isarray": "https://registry.npmjs.org/isarray/-/isarray-1.0.0.tgz",
        "process-nextick-args": "https://registry.npmjs.org/process-nextick-args/-/process-nextick-args-1.0.7.tgz",
        "string_decoder": "https://registry.npmjs.org/string_decoder/-/string_decoder-1.0.1.tgz",
        "util-deprecate": "https://registry.npmjs.org/util-deprecate/-/util-deprecate-1.0.2.tgz"
      }
    },
    "safe-buffer": {
      "version": "https://registry.npmjs.org/safe-buffer/-/safe-buffer-5.0.1.tgz",
      "integrity": "sha1-0mPKVGls2KMGtcplUekt5XkY++c=",
      "dev": true
    },
    "source-map": {
      "version": "https://registry.npmjs.org/source-map/-/source-map-0.2.0.tgz",
      "integrity": "sha1-2rc/vPwrqBm03gO9b26qSBZLP50=",
      "optional": true,
      "requires": {
        "amdefine": "https://registry.npmjs.org/amdefine/-/amdefine-1.0.1.tgz"
      }
    },
    "ssf": {
      "version": "https://registry.npmjs.org/ssf/-/ssf-0.9.3.tgz",
      "integrity": "sha1-Qtor35n8veG2KzyljwCqHwl6dk4=",
      "dev": true,
      "requires": {
        "colors": "https://registry.npmjs.org/colors/-/colors-0.6.2.tgz",
        "frac": "https://registry.npmjs.org/frac/-/frac-1.0.6.tgz",
        "voc": "https://registry.npmjs.org/voc/-/voc-0.5.0.tgz"
      },
      "dependencies": {
        "colors": {
          "version": "https://registry.npmjs.org/colors/-/colors-0.6.2.tgz",
          "integrity": "sha1-JCP+ZnisDF2uiFLl0OW+CMmXq8w=",
          "dev": true
        }
      }
    },
    "stack-adt": {
      "version": "https://registry.npmjs.org/stack-adt/-/stack-adt-0.2.3.tgz",
      "integrity": "sha1-z0km9EBr/LFTVvTz9FSF1tkxM8I="
    },
    "string_decoder": {
      "version": "https://registry.npmjs.org/string_decoder/-/string_decoder-1.0.1.tgz",
      "integrity": "sha1-YuIA8DmVWmgQ2N8KM//A8BNmLZg=",
      "dev": true,
      "requires": {
        "safe-buffer": "https://registry.npmjs.org/safe-buffer/-/safe-buffer-5.0.1.tgz"
      }
    },
    "tinytim": {
      "version": "0.1.1",
      "resolved": "https://registry.npmjs.org/tinytim/-/tinytim-0.1.1.tgz",
      "integrity": "sha1-yWih5VWa2VUyJO92J7qzTjyu+Kg=",
      "dev": true
    },
    "tracer": {
      "version": "0.8.11",
      "resolved": "https://registry.npmjs.org/tracer/-/tracer-0.8.11.tgz",
      "integrity": "sha512-R1g2kqy00KSRXR6XrKYXqmOE8Tii+CkwJkHPQzGP+W5TcBUoHhNx0GNC4Vv79eU2jJyINnSSM2Zpi6nzQE6XRg==",
      "dev": true,
      "requires": {
        "colors": "1.1.2",
        "dateformat": "2.0.0",
        "tinytim": "0.1.1"
      }
    },
    "type-check": {
      "version": "https://registry.npmjs.org/type-check/-/type-check-0.3.2.tgz",
      "integrity": "sha1-WITKtRLPHTVeP7eE8wgEsrUg23I=",
      "requires": {
        "prelude-ls": "https://registry.npmjs.org/prelude-ls/-/prelude-ls-1.1.2.tgz"
      }
    },
    "typedarray": {
      "version": "https://registry.npmjs.org/typedarray/-/typedarray-0.0.6.tgz",
      "integrity": "sha1-hnrHTjhkGHsdPUfZlqeOxciDB3c=",
      "dev": true
    },
    "uglify-js": {
      "version": "https://registry.npmjs.org/uglify-js/-/uglify-js-1.2.3.tgz",
      "integrity": "sha1-OwzmYxoo3KpkMCuJMSOyCHa9xTY=",
      "dev": true
    },
    "util-deprecate": {
      "version": "https://registry.npmjs.org/util-deprecate/-/util-deprecate-1.0.2.tgz",
      "integrity": "sha1-RQ1Nyfpw3nMnYvvS1KKJgUGaDM8=",
      "dev": true
    },
    "voc": {
      "version": "https://registry.npmjs.org/voc/-/voc-0.5.0.tgz",
      "integrity": "sha1-vmynx25KV9kwzID2sx+9gMqGBFw=",
      "dev": true
    },
    "vows": {
      "version": "https://registry.npmjs.org/vows/-/vows-0.7.0.tgz",
      "integrity": "sha1-3QBl8RC6DAptY+hEhRwyCBdtWGc=",
      "dev": true,
      "requires": {
        "diff": "https://registry.npmjs.org/diff/-/diff-1.0.8.tgz",
        "eyes": "https://registry.npmjs.org/eyes/-/eyes-0.1.8.tgz"
      }
    },
    "wordwrap": {
      "version": "https://registry.npmjs.org/wordwrap/-/wordwrap-1.0.0.tgz",
      "integrity": "sha1-J1hIEIkUVqQXHI0CJkQa3pDLyus="
    },
    "xlsx": {
      "version": "https://registry.npmjs.org/xlsx/-/xlsx-0.9.13.tgz",
      "integrity": "sha1-WGHRHhCh+ZtvK0keLRGad3fQZuc=",
      "dev": true,
      "requires": {
        "adler-32": "https://registry.npmjs.org/adler-32/-/adler-32-1.0.0.tgz",
        "cfb": "https://registry.npmjs.org/cfb/-/cfb-0.11.1.tgz",
        "codepage": "https://registry.npmjs.org/codepage/-/codepage-1.8.1.tgz",
        "commander": "https://registry.npmjs.org/commander/-/commander-2.9.0.tgz",
        "crc-32": "https://registry.npmjs.org/crc-32/-/crc-32-1.0.2.tgz",
        "exit-on-epipe": "https://registry.npmjs.org/exit-on-epipe/-/exit-on-epipe-1.0.0.tgz",
        "ssf": "https://registry.npmjs.org/ssf/-/ssf-0.9.3.tgz"
      }
    }
  }
}
